
Microsoft Visual Studio Solution File, Format Version 12.00
# Visual Studio 2013
VisualStudioVersion = 12.0.40629.0
MinimumVisualStudioVersion = 10.0.40219.1
Project("{2150E333-8FDC-42A3-9474-1A3956D46DE8}") = "Docs", "Docs", "{40C23C42-2652-454C-B19C-207D07CDDB74}"
	ProjectSection(SolutionItems) = preProject
		README.txt = README.txt
		References.txt = References.txt
	EndProjectSection
EndProject
Project("{FAE04EC0-301F-11D3-BF4B-00C04F79EFBC}") = "AspNetMvcThemeableViewEngines", "AspNetMvcThemeableViewEngines\AspNetMvcThemeableViewEngines.csproj", "{A137FCFF-0E4F-4971-8875-5837B591C166}"
EndProject
Project("{FAE04EC0-301F-11D3-BF4B-00C04F79EFBC}") = "OpenSource.Web.Mvc.ThemeableViewEngines", "OpenSource.Web.Mvc.ThemeableViewEngines\OpenSource.Web.Mvc.ThemeableViewEngines.csproj", "{A86F0C6D-7759-4319-8475-CA3DDB67B323}"
EndProject
Global
	GlobalSection(TeamFoundationVersionControl) = preSolution
		SccNumberOfProjects = 3
		SccEnterpriseProvider = {4CA58AB2-18FA-4F8D-95D4-32DDF27D184C}
		SccTeamFoundationServer = https://tfs.codeplex.com/tfs/tfs22
		SccLocalPath0 = .
		SccProjectUniqueName1 = AspNetMvcThemeableViewEngines\\AspNetMvcThemeableViewEngines.csproj
		SccProjectName1 = AspNetMvcThemeableViewEngines
		SccLocalPath1 = AspNetMvcThemeableViewEngines
		SccProjectUniqueName2 = OpenSource.Web.Mvc.ThemeableViewEngines\\OpenSource.Web.Mvc.ThemeableViewEngines.csproj
		SccProjectName2 = OpenSource.Web.Mvc.ThemeableViewEngines
		SccLocalPath2 = OpenSource.Web.Mvc.ThemeableViewEngines
	EndGlobalSection
	GlobalSection(SolutionConfigurationPlatforms) = preSolution
		Debug|Any CPU = Debug|Any CPU
		Release|Any CPU = Release|Any CPU
	EndGlobalSection
	GlobalSection(ProjectConfigurationPlatforms) = postSolution
		{A137FCFF-0E4F-4971-8875-5837B591C166}.Debug|Any CPU.ActiveCfg = Debug|Any CPU
		{A137FCFF-0E4F-4971-8875-5837B591C166}.Debug|Any CPU.Build.0 = Debug|Any CPU
		{A137FCFF-0E4F-4971-8875-5837B591C166}.Release|Any CPU.ActiveCfg = Release|Any CPU
		{A137FCFF-0E4F-4971-8875-5837B591C166}.Release|Any CPU.Build.0 = Release|Any CPU
		{A86F0C6D-7759-4319-8475-CA3DDB67B323}.Debug|Any CPU.ActiveCfg = Debug|Any CPU
		{A86F0C6D-7759-4319-8475-CA3DDB67B323}.Debug|Any CPU.Build.0 = Debug|Any CPU
		{A86F0C6D-7759-4319-8475-CA3DDB67B323}.Release|Any CPU.ActiveCfg = Release|Any CPU
		{A86F0C6D-7759-4319-8475-CA3DDB67B323}.Release|Any CPU.Build.0 = Release|Any CPU
	EndGlobalSection
	GlobalSection(SolutionProperties) = preSolution
		HideSolutionNode = FALSE
	EndGlobalSection
EndGlobal
